
Microsoft Visual Studio Solution File, Format Version 12.00
# Visual Studio Version 17
VisualStudioVersion = 17.0.31919.166
MinimumVisualStudioVersion = 10.0.40219.1
Project("{FAE04EC0-301F-11D3-BF4B-00C04F79EFBC}") = "ElevatorConfigs", "ElevatorConfigs\ElevatorConfigs.csproj", "{B9B1E16D-DA34-4827-8E6D-FD24255269AB}"
EndProject
Global
	GlobalSection(SolutionConfigurationPlatforms) = preSolution
		Debug|Any CPU = Debug|Any CPU
		Release|Any CPU = Release|Any CPU
	EndGlobalSection
	GlobalSection(ProjectConfigurationPlatforms) = postSolution
		{B9B1E16D-DA34-4827-8E6D-FD24255269AB}.Debug|Any CPU.ActiveCfg = Debug|Any CPU
		{B9B1E16D-DA34-4827-8E6D-FD24255269AB}.Debug|Any CPU.Build.0 = Debug|Any CPU
		{B9B1E16D-DA34-4827-8E6D-FD24255269AB}.Release|Any CPU.ActiveCfg = Release|Any CPU
		{B9B1E16D-DA34-4827-8E6D-FD24255269AB}.Release|Any CPU.Build.0 = Release|Any CPU
	EndGlobalSection
	GlobalSection(SolutionProperties) = preSolution
		HideSolutionNode = FALSE
	EndGlobalSection
	GlobalSection(ExtensibilityGlobals) = postSolution
		SolutionGuid = {ABCB814B-7825-4EFC-AF37-98B09A1093E4}
	EndGlobalSection
EndGlobal
